
Microsoft Visual Studio Solution File, Format Version 12.00
# Visual Studio Version 17
VisualStudioVersion = 17.2.32427.441
MinimumVisualStudioVersion = 10.0.40219.1
Project("{FAE04EC0-301F-11D3-BF4B-00C04F79EFBC}") = "adam_and_eve_api", "adam_and_eve_api\adam_and_eve_api.csproj", "{2543A109-D6D1-49D7-8D7C-FC55EB3BF707}"
EndProject
Global
	GlobalSection(SolutionConfigurationPlatforms) = preSolution
		Debug|Any CPU = Debug|Any CPU
		Release|Any CPU = Release|Any CPU
	EndGlobalSection
	GlobalSection(ProjectConfigurationPlatforms) = postSolution
		{2543A109-D6D1-49D7-8D7C-FC55EB3BF707}.Debug|Any CPU.ActiveCfg = Debug|Any CPU
		{2543A109-D6D1-49D7-8D7C-FC55EB3BF707}.Debug|Any CPU.Build.0 = Debug|Any CPU
		{2543A109-D6D1-49D7-8D7C-FC55EB3BF707}.Release|Any CPU.ActiveCfg = Release|Any CPU
		{2543A109-D6D1-49D7-8D7C-FC55EB3BF707}.Release|Any CPU.Build.0 = Release|Any CPU
	EndGlobalSection
	GlobalSection(SolutionProperties) = preSolution
		HideSolutionNode = FALSE
	EndGlobalSection
	GlobalSection(ExtensibilityGlobals) = postSolution
		SolutionGuid = {F43F6415-752E-4AA1-87AB-4880F97CC661}
	EndGlobalSection
EndGlobal
